// !$*UTF8*$!
{
	archiveVersion = 1;
	classes = {
	};
	objectVersion = 56;
	objects = {

/* Begin PBXBuildFile section */
		11BB10CC2C0C687500288791 /* AppDelegate.swift in Sources */ = {isa = PBXBuildFile; fileRef = 11BB10CB2C0C687500288791 /* AppDelegate.swift */; };
		11BB10CE2C0C687500288791 /* SceneDelegate.swift in Sources */ = {isa = PBXBuildFile; fileRef = 11BB10CD2C0C687500288791 /* SceneDelegate.swift */; };
		11BB10D02C0C687500288791 /* MainViewController.swift in Sources */ = {isa = PBXBuildFile; fileRef = 11BB10CF2C0C687500288791 /* MainViewController.swift */; };
		11BB10D52C0C687600288791 /* Assets.xcassets in Resources */ = {isa = PBXBuildFile; fileRef = 11BB10D42C0C687600288791 /* Assets.xcassets */; };
		11BB10D82C0C687600288791 /* LaunchScreen.storyboard in Resources */ = {isa = PBXBuildFile; fileRef = 11BB10D62C0C687600288791 /* LaunchScreen.storyboard */; };
		11BB10E32C0C6A5900288791 /* MainView.swift in Sources */ = {isa = PBXBuildFile; fileRef = 11BB10E22C0C6A5900288791 /* MainView.swift */; };
		11BB10E62C0C6D9400288791 /* MainTableViewCell.swift in Sources */ = {isa = PBXBuildFile; fileRef = 11BB10E52C0C6D9400288791 /* MainTableViewCell.swift */; };
		11BB10E92C0C729A00288791 /* MainTableViewDataSource.swift in Sources */ = {isa = PBXBuildFile; fileRef = 11BB10E82C0C729A00288791 /* MainTableViewDataSource.swift */; };
		11BB10EC2C0C761D00288791 /* NetworkManager.swift in Sources */ = {isa = PBXBuildFile; fileRef = 11BB10EB2C0C761D00288791 /* NetworkManager.swift */; };
		11BB10EE2C0C7B9500288791 /* ImageModel.swift in Sources */ = {isa = PBXBuildFile; fileRef = 11BB10ED2C0C7B9500288791 /* ImageModel.swift */; };
		11BB10F42C0C87FF00288791 /* MainPresenter.swift in Sources */ = {isa = PBXBuildFile; fileRef = 11BB10F32C0C87FF00288791 /* MainPresenter.swift */; };
		11BB10F62C0DC36B00288791 /* DataManager.swift in Sources */ = {isa = PBXBuildFile; fileRef = 11BB10F52C0DC36B00288791 /* DataManager.swift */; };
/* End PBXBuildFile section */

/* Begin PBXFileReference section */
		11BB10C82C0C687500288791 /* HW7.app */ = {isa = PBXFileReference; explicitFileType = wrapper.application; includeInIndex = 0; path = HW7.app; sourceTree = BUILT_PRODUCTS_DIR; };
		11BB10CB2C0C687500288791 /* AppDelegate.swift */ = {isa = PBXFileReference; lastKnownFileType = sourcecode.swift; path = AppDelegate.swift; sourceTree = "<group>"; };
		11BB10CD2C0C687500288791 /* SceneDelegate.swift */ = {isa = PBXFileReference; lastKnownFileType = sourcecode.swift; path = SceneDelegate.swift; sourceTree = "<group>"; };
		11BB10CF2C0C687500288791 /* MainViewController.swift */ = {isa = PBXFileReference; lastKnownFileType = sourcecode.swift; path = MainViewController.swift; sourceTree = "<group>"; };
		11BB10D42C0C687600288791 /* Assets.xcassets */ = {isa = PBXFileReference; lastKnownFileType = folder.assetcatalog; path = Assets.xcassets; sourceTree = "<group>"; };
		11BB10D72C0C687600288791 /* Base */ = {isa = PBXFileReference; lastKnownFileType = file.storyboard; name = Base; path = Base.lproj/LaunchScreen.storyboard; sourceTree = "<group>"; };
		11BB10D92C0C687600288791 /* Info.plist */ = {isa = PBXFileReference; lastKnownFileType = text.plist.xml; path = Info.plist; sourceTree = "<group>"; };
		11BB10E22C0C6A5900288791 /* MainView.swift */ = {isa = PBXFileReference; lastKnownFileType = sourcecode.swift; path = MainView.swift; sourceTree = "<group>"; };
		11BB10E52C0C6D9400288791 /* MainTableViewCell.swift */ = {isa = PBXFileReference; lastKnownFileType = sourcecode.swift; path = MainTableViewCell.swift; sourceTree = "<group>"; };
		11BB10E82C0C729A00288791 /* MainTableViewDataSource.swift */ = {isa = PBXFileReference; lastKnownFileType = sourcecode.swift; path = MainTableViewDataSource.swift; sourceTree = "<group>"; };
		11BB10EB2C0C761D00288791 /* NetworkManager.swift */ = {isa = PBXFileReference; lastKnownFileType = sourcecode.swift; path = NetworkManager.swift; sourceTree = "<group>"; };
		11BB10ED2C0C7B9500288791 /* ImageModel.swift */ = {isa = PBXFileReference; lastKnownFileType = sourcecode.swift; path = ImageModel.swift; sourceTree = "<group>"; };
		11BB10F32C0C87FF00288791 /* MainPresenter.swift */ = {isa = PBXFileReference; lastKnownFileType = sourcecode.swift; path = MainPresenter.swift; sourceTree = "<group>"; };
		11BB10F52C0DC36B00288791 /* DataManager.swift */ = {isa = PBXFileReference; lastKnownFileType = sourcecode.swift; path = DataManager.swift; sourceTree = "<group>"; };
		11BB10F72C0DC4A900288791 /* HW7.entitlements */ = {isa = PBXFileReference; lastKnownFileType = text.plist.entitlements; path = HW7.entitlements; sourceTree = "<group>"; };
/* End PBXFileReference section */

/* Begin PBXFrameworksBuildPhase section */
		11BB10C52C0C687500288791 /* Frameworks */ = {
			isa = PBXFrameworksBuildPhase;
			buildActionMask = 2147483647;
			files = (
			);
			runOnlyForDeploymentPostprocessing = 0;
		};
/* End PBXFrameworksBuildPhase section */

/* Begin PBXGroup section */
		11BB10BF2C0C687500288791 = {
			isa = PBXGroup;
			children = (
				11BB10CA2C0C687500288791 /* HW7 */,
				11BB10C92C0C687500288791 /* Products */,
			);
			sourceTree = "<group>";
		};
		11BB10C92C0C687500288791 /* Products */ = {
			isa = PBXGroup;
			children = (
				11BB10C82C0C687500288791 /* HW7.app */,
			);
			name = Products;
			sourceTree = "<group>";
		};
		11BB10CA2C0C687500288791 /* HW7 */ = {
			isa = PBXGroup;
			children = (
				11BB10F72C0DC4A900288791 /* HW7.entitlements */,
				11BB10E12C0C6A2900288791 /* MainScreen */,
				11BB10DF2C0C68DD00288791 /* Application */,
				11BB10E02C0C68E800288791 /* Resources */,
			);
			path = HW7;
			sourceTree = "<group>";
		};
		11BB10DF2C0C68DD00288791 /* Application */ = {
			isa = PBXGroup;
			children = (
				11BB10CB2C0C687500288791 /* AppDelegate.swift */,
				11BB10CD2C0C687500288791 /* SceneDelegate.swift */,
			);
			path = Application;
			sourceTree = "<group>";
		};
		11BB10E02C0C68E800288791 /* Resources */ = {
			isa = PBXGroup;
			children = (
				11BB10D42C0C687600288791 /* Assets.xcassets */,
				11BB10D62C0C687600288791 /* LaunchScreen.storyboard */,
				11BB10D92C0C687600288791 /* Info.plist */,
			);
			path = Resources;
			sourceTree = "<group>";
		};
		11BB10E12C0C6A2900288791 /* MainScreen */ = {
			isa = PBXGroup;
			children = (
				11BB10EF2C0C87B500288791 /* Model */,
				11BB10F02C0C87C300288791 /* View */,
				11BB10F22C0C87EC00288791 /* Presenter */,
			);
			path = MainScreen;
			sourceTree = "<group>";
		};
		11BB10E42C0C6D7B00288791 /* MainTableViewCell */ = {
			isa = PBXGroup;
			children = (
				11BB10E52C0C6D9400288791 /* MainTableViewCell.swift */,
			);
			path = MainTableViewCell;
			sourceTree = "<group>";
		};
		11BB10E72C0C727800288791 /* MainTableViewDataSource */ = {
			isa = PBXGroup;
			children = (
				11BB10E82C0C729A00288791 /* MainTableViewDataSource.swift */,
			);
			path = MainTableViewDataSource;
			sourceTree = "<group>";
		};
		11BB10EA2C0C760C00288791 /* NetworkManager */ = {
			isa = PBXGroup;
			children = (
				11BB10EB2C0C761D00288791 /* NetworkManager.swift */,
				11BB10F52C0DC36B00288791 /* DataManager.swift */,
				11BB10ED2C0C7B9500288791 /* ImageModel.swift */,
			);
			path = NetworkManager;
			sourceTree = "<group>";
		};
		11BB10EF2C0C87B500288791 /* Model */ = {
			isa = PBXGroup;
			children = (
				11BB10EA2C0C760C00288791 /* NetworkManager */,
			);
			path = Model;
			sourceTree = "<group>";
		};
		11BB10F02C0C87C300288791 /* View */ = {
			isa = PBXGroup;
			children = (
				11BB10CF2C0C687500288791 /* MainViewController.swift */,
				11BB10F12C0C87D200288791 /* MainView */,
			);
			path = View;
			sourceTree = "<group>";
		};
		11BB10F12C0C87D200288791 /* MainView */ = {
			isa = PBXGroup;
			children = (
				11BB10E22C0C6A5900288791 /* MainView.swift */,
				11BB10E72C0C727800288791 /* MainTableViewDataSource */,
				11BB10E42C0C6D7B00288791 /* MainTableViewCell */,
			);
			path = MainView;
			sourceTree = "<group>";
		};
		11BB10F22C0C87EC00288791 /* Presenter */ = {
			isa = PBXGroup;
			children = (
				11BB10F32C0C87FF00288791 /* MainPresenter.swift */,
			);
			path = Presenter;
			sourceTree = "<group>";
		};
/* End PBXGroup section */

/* Begin PBXNativeTarget section */
		11BB10C72C0C687500288791 /* HW7 */ = {
			isa = PBXNativeTarget;
			buildConfigurationList = 11BB10DC2C0C687600288791 /* Build configuration list for PBXNativeTarget "HW7" */;
			buildPhases = (
				11BB10C42C0C687500288791 /* Sources */,
				11BB10C52C0C687500288791 /* Frameworks */,
				11BB10C62C0C687500288791 /* Resources */,
			);
			buildRules = (
			);
			dependencies = (
			);
			name = HW7;
			productName = HW7;
			productReference = 11BB10C82C0C687500288791 /* HW7.app */;
			productType = "com.apple.product-type.application";
		};
/* End PBXNativeTarget section */

/* Begin PBXProject section */
		11BB10C02C0C687500288791 /* Project object */ = {
			isa = PBXProject;
			attributes = {
				BuildIndependentTargetsInParallel = 1;
				LastSwiftUpdateCheck = 1520;
				LastUpgradeCheck = 1520;
				TargetAttributes = {
					11BB10C72C0C687500288791 = {
						CreatedOnToolsVersion = 15.2;
					};
				};
			};
			buildConfigurationList = 11BB10C32C0C687500288791 /* Build configuration list for PBXProject "HW7" */;
			compatibilityVersion = "Xcode 14.0";
			developmentRegion = en;
			hasScannedForEncodings = 0;
			knownRegions = (
				en,
				Base,
			);
			mainGroup = 11BB10BF2C0C687500288791;
			productRefGroup = 11BB10C92C0C687500288791 /* Products */;
			projectDirPath = "";
			projectRoot = "";
			targets = (
				11BB10C72C0C687500288791 /* HW7 */,
			);
		};
/* End PBXProject section */

/* Begin PBXResourcesBuildPhase section */
		11BB10C62C0C687500288791 /* Resources */ = {
			isa = PBXResourcesBuildPhase;
			buildActionMask = 2147483647;
			files = (
				11BB10D82C0C687600288791 /* LaunchScreen.storyboard in Resources */,
				11BB10D52C0C687600288791 /* Assets.xcassets in Resources */,
			);
			runOnlyForDeploymentPostprocessing = 0;
		};
/* End PBXResourcesBuildPhase section */

/* Begin PBXSourcesBuildPhase section */
		11BB10C42C0C687500288791 /* Sources */ = {
			isa = PBXSourcesBuildPhase;
			buildActionMask = 2147483647;
			files = (
				11BB10D02C0C687500288791 /* MainViewController.swift in Sources */,
				11BB10F62C0DC36B00288791 /* DataManager.swift in Sources */,
				11BB10E32C0C6A5900288791 /* MainView.swift in Sources */,
				11BB10EC2C0C761D00288791 /* NetworkManager.swift in Sources */,
				11BB10CC2C0C687500288791 /* AppDelegate.swift in Sources */,
				11BB10F42C0C87FF00288791 /* MainPresenter.swift in Sources */,
				11BB10CE2C0C687500288791 /* SceneDelegate.swift in Sources */,
				11BB10E62C0C6D9400288791 /* MainTableViewCell.swift in Sources */,
				11BB10E92C0C729A00288791 /* MainTableViewDataSource.swift in Sources */,
				11BB10EE2C0C7B9500288791 /* ImageModel.swift in Sources */,
			);
			runOnlyForDeploymentPostprocessing = 0;
		};
/* End PBXSourcesBuildPhase section */

/* Begin PBXVariantGroup section */
		11BB10D62C0C687600288791 /* LaunchScreen.storyboard */ = {
			isa = PBXVariantGroup;
			children = (
				11BB10D72C0C687600288791 /* Base */,
			);
			name = LaunchScreen.storyboard;
			sourceTree = "<group>";
		};
/* End PBXVariantGroup section */

/* Begin XCBuildConfiguration section */
		11BB10DA2C0C687600288791 /* Debug */ = {
			isa = XCBuildConfiguration;
			buildSettings = {
				ALWAYS_SEARCH_USER_PATHS = NO;
				ASSETCATALOG_COMPILER_GENERATE_SWIFT_ASSET_SYMBOL_EXTENSIONS = YES;
				CLANG_ANALYZER_NONNULL = YES;
				CLANG_ANALYZER_NUMBER_OBJECT_CONVERSION = YES_AGGRESSIVE;
				CLANG_CXX_LANGUAGE_STANDARD = "gnu++20";
				CLANG_ENABLE_MODULES = YES;
				CLANG_ENABLE_OBJC_ARC = YES;
				CLANG_ENABLE_OBJC_WEAK = YES;
				CLANG_WARN_BLOCK_CAPTURE_AUTORELEASING = YES;
				CLANG_WARN_BOOL_CONVERSION = YES;
				CLANG_WARN_COMMA = YES;
				CLANG_WARN_CONSTANT_CONVERSION = YES;
				CLANG_WARN_DEPRECATED_OBJC_IMPLEMENTATIONS = YES;
				CLANG_WARN_DIRECT_OBJC_ISA_USAGE = YES_ERROR;
				CLANG_WARN_DOCUMENTATION_COMMENTS = YES;
				CLANG_WARN_EMPTY_BODY = YES;
				CLANG_WARN_ENUM_CONVERSION = YES;
				CLANG_WARN_INFINITE_RECURSION = YES;
				CLANG_WARN_INT_CONVERSION = YES;
				CLANG_WARN_NON_LITERAL_NULL_CONVERSION = YES;
				CLANG_WARN_OBJC_IMPLICIT_RETAIN_SELF = YES;
				CLANG_WARN_OBJC_LITERAL_CONVERSION = YES;
				CLANG_WARN_OBJC_ROOT_CLASS = YES_ERROR;
				CLANG_WARN_QUOTED_INCLUDE_IN_FRAMEWORK_HEADER = YES;
				CLANG_WARN_RANGE_LOOP_ANALYSIS = YES;
				CLANG_WARN_STRICT_PROTOTYPES = YES;
				CLANG_WARN_SUSPICIOUS_MOVE = YES;
				CLANG_WARN_UNGUARDED_AVAILABILITY = YES_AGGRESSIVE;
				CLANG_WARN_UNREACHABLE_CODE = YES;
				CLANG_WARN__DUPLICATE_METHOD_MATCH = YES;
				COPY_PHASE_STRIP = NO;
				DEBUG_INFORMATION_FORMAT = dwarf;
				ENABLE_STRICT_OBJC_MSGSEND = YES;
				ENABLE_TESTABILITY = YES;
				ENABLE_USER_SCRIPT_SANDBOXING = YES;
				GCC_C_LANGUAGE_STANDARD = gnu17;
				GCC_DYNAMIC_NO_PIC = NO;
				GCC_NO_COMMON_BLOCKS = YES;
				GCC_OPTIMIZATION_LEVEL = 0;
				GCC_PREPROCESSOR_DEFINITIONS = (
					"DEBUG=1",
					"$(inherited)",
				);
				GCC_WARN_64_TO_32_BIT_CONVERSION = YES;
				GCC_WARN_ABOUT_RETURN_TYPE = YES_ERROR;
				GCC_WARN_UNDECLARED_SELECTOR = YES;
				GCC_WARN_UNINITIALIZED_AUTOS = YES_AGGRESSIVE;
				GCC_WARN_UNUSED_FUNCTION = YES;
				GCC_WARN_UNUSED_VARIABLE = YES;
				IPHONEOS_DEPLOYMENT_TARGET = 17.2;
				LOCALIZATION_PREFERS_STRING_CATALOGS = YES;
				MTL_ENABLE_DEBUG_INFO = INCLUDE_SOURCE;
				MTL_FAST_MATH = YES;
				ONLY_ACTIVE_ARCH = YES;
				SDKROOT = iphoneos;
				SWIFT_ACTIVE_COMPILATION_CONDITIONS = "DEBUG $(inherited)";
				SWIFT_OPTIMIZATION_LEVEL = "-Onone";
			};
			name = Debug;
		};
		11BB10DB2C0C687600288791 /* Release */ = {
			isa = XCBuildConfiguration;
			buildSettings = {
				ALWAYS_SEARCH_USER_PATHS = NO;
				ASSETCATALOG_COMPILER_GENERATE_SWIFT_ASSET_SYMBOL_EXTENSIONS = YES;
				CLANG_ANALYZER_NONNULL = YES;
				CLANG_ANALYZER_NUMBER_OBJECT_CONVERSION = YES_AGGRESSIVE;
				CLANG_CXX_LANGUAGE_STANDARD = "gnu++20";
				CLANG_ENABLE_MODULES = YES;
				CLANG_ENABLE_OBJC_ARC = YES;
				CLANG_ENABLE_OBJC_WEAK = YES;
				CLANG_WARN_BLOCK_CAPTURE_AUTORELEASING = YES;
				CLANG_WARN_BOOL_CONVERSION = YES;
				CLANG_WARN_COMMA = YES;
				CLANG_WARN_CONSTANT_CONVERSION = YES;
				CLANG_WARN_DEPRECATED_OBJC_IMPLEMENTATIONS = YES;
				CLANG_WARN_DIRECT_OBJC_ISA_USAGE = YES_ERROR;
				CLANG_WARN_DOCUMENTATION_COMMENTS = YES;
				CLANG_WARN_EMPTY_BODY = YES;
				CLANG_WARN_ENUM_CONVERSION = YES;
				CLANG_WARN_INFINITE_RECURSION = YES;
				CLANG_WARN_INT_CONVERSION = YES;
				CLANG_WARN_NON_LITERAL_NULL_CONVERSION = YES;
				CLANG_WARN_OBJC_IMPLICIT_RETAIN_SELF = YES;
				CLANG_WARN_OBJC_LITERAL_CONVERSION = YES;
				CLANG_WARN_OBJC_ROOT_CLASS = YES_ERROR;
				CLANG_WARN_QUOTED_INCLUDE_IN_FRAMEWORK_HEADER = YES;
				CLANG_WARN_RANGE_LOOP_ANALYSIS = YES;
				CLANG_WARN_STRICT_PROTOTYPES = YES;
				CLANG_WARN_SUSPICIOUS_MOVE = YES;
				CLANG_WARN_UNGUARDED_AVAILABILITY = YES_AGGRESSIVE;
				CLANG_WARN_UNREACHABLE_CODE = YES;
				CLANG_WARN__DUPLICATE_METHOD_MATCH = YES;
				COPY_PHASE_STRIP = NO;
				DEBUG_INFORMATION_FORMAT = "dwarf-with-dsym";
				ENABLE_NS_ASSERTIONS = NO;
				ENABLE_STRICT_OBJC_MSGSEND = YES;
				ENABLE_USER_SCRIPT_SANDBOXING = YES;
				GCC_C_LANGUAGE_STANDARD = gnu17;
				GCC_NO_COMMON_BLOCKS = YES;
				GCC_WARN_64_TO_32_BIT_CONVERSION = YES;
				GCC_WARN_ABOUT_RETURN_TYPE = YES_ERROR;
				GCC_WARN_UNDECLARED_SELECTOR = YES;
				GCC_WARN_UNINITIALIZED_AUTOS = YES_AGGRESSIVE;
				GCC_WARN_UNUSED_FUNCTION = YES;
				GCC_WARN_UNUSED_VARIABLE = YES;
				IPHONEOS_DEPLOYMENT_TARGET = 17.2;
				LOCALIZATION_PREFERS_STRING_CATALOGS = YES;
				MTL_ENABLE_DEBUG_INFO = NO;
				MTL_FAST_MATH = YES;
				SDKROOT = iphoneos;
				SWIFT_COMPILATION_MODE = wholemodule;
				VALIDATE_PRODUCT = YES;
			};
			name = Release;
		};
		11BB10DD2C0C687600288791 /* Debug */ = {
			isa = XCBuildConfiguration;
			buildSettings = {
				ASSETCATALOG_COMPILER_APPICON_NAME = AppIcon;
				ASSETCATALOG_COMPILER_GLOBAL_ACCENT_COLOR_NAME = AccentColor;
				CODE_SIGN_ENTITLEMENTS = HW7/HW7.entitlements;
				CODE_SIGN_STYLE = Automatic;
				CURRENT_PROJECT_VERSION = 1;
				DEVELOPMENT_TEAM = TA66ZBP42J;
				GENERATE_INFOPLIST_FILE = YES;
				INFOPLIST_FILE = HW7/Resources/Info.plist;
				INFOPLIST_KEY_UIApplicationSupportsIndirectInputEvents = YES;
				INFOPLIST_KEY_UILaunchStoryboardName = LaunchScreen;
				INFOPLIST_KEY_UISupportedInterfaceOrientations_iPad = "UIInterfaceOrientationPortrait UIInterfaceOrientationPortraitUpsideDown UIInterfaceOrientationLandscapeLeft UIInterfaceOrientationLandscapeRight";
				INFOPLIST_KEY_UISupportedInterfaceOrientations_iPhone = "UIInterfaceOrientationPortrait UIInterfaceOrientationLandscapeLeft UIInterfaceOrientationLandscapeRight";
				LD_RUNPATH_SEARCH_PATHS = (
					"$(inherited)",
					"@executable_path/Frameworks",
				);
				MARKETING_VERSION = 1.0;
				PRODUCT_BUNDLE_IDENTIFIER = com.vyacheslav.HW7;
				PRODUCT_NAME = "$(TARGET_NAME)";
				SWIFT_EMIT_LOC_STRINGS = YES;
				SWIFT_VERSION = 5.0;
				TARGETED_DEVICE_FAMILY = "1,2";
			};
			name = Debug;
		};
		11BB10DE2C0C687600288791 /* Release */ = {
			isa = XCBuildConfiguration;
			buildSettings = {
				ASSETCATALOG_COMPILER_APPICON_NAME = AppIcon;
				ASSETCATALOG_COMPILER_GLOBAL_ACCENT_COLOR_NAME = AccentColor;
				CODE_SIGN_ENTITLEMENTS = HW7/HW7.entitlements;
				CODE_SIGN_STYLE = Automatic;
				CURRENT_PROJECT_VERSION = 1;
				DEVELOPMENT_TEAM = TA66ZBP42J;
				GENERATE_INFOPLIST_FILE = YES;
				INFOPLIST_FILE = HW7/Resources/Info.plist;
				INFOPLIST_KEY_UIApplicationSupportsIndirectInputEvents = YES;
				INFOPLIST_KEY_UILaunchStoryboardName = LaunchScreen;
				INFOPLIST_KEY_UISupportedInterfaceOrientations_iPad = "UIInterfaceOrientationPortrait UIInterfaceOrientationPortraitUpsideDown UIInterfaceOrientationLandscapeLeft UIInterfaceOrientationLandscapeRight";
				INFOPLIST_KEY_UISupportedInterfaceOrientations_iPhone = "UIInterfaceOrientationPortrait UIInterfaceOrientationLandscapeLeft UIInterfaceOrientationLandscapeRight";
				LD_RUNPATH_SEARCH_PATHS = (
					"$(inherited)",
					"@executable_path/Frameworks",
				);
				MARKETING_VERSION = 1.0;
				PRODUCT_BUNDLE_IDENTIFIER = com.vyacheslav.HW7;
				PRODUCT_NAME = "$(TARGET_NAME)";
				SWIFT_EMIT_LOC_STRINGS = YES;
				SWIFT_VERSION = 5.0;
				TARGETED_DEVICE_FAMILY = "1,2";
			};
			name = Release;
		};
/* End XCBuildConfiguration section */

/* Begin XCConfigurationList section */
		11BB10C32C0C687500288791 /* Build configuration list for PBXProject "HW7" */ = {
			isa = XCConfigurationList;
			buildConfigurations = (
				11BB10DA2C0C687600288791 /* Debug */,
				11BB10DB2C0C687600288791 /* Release */,
			);
			defaultConfigurationIsVisible = 0;
			defaultConfigurationName = Release;
		};
		11BB10DC2C0C687600288791 /* Build configuration list for PBXNativeTarget "HW7" */ = {
			isa = XCConfigurationList;
			buildConfigurations = (
				11BB10DD2C0C687600288791 /* Debug */,
				11BB10DE2C0C687600288791 /* Release */,
			);
			defaultConfigurationIsVisible = 0;
			defaultConfigurationName = Release;
		};
/* End XCConfigurationList section */
	};
	rootObject = 11BB10C02C0C687500288791 /* Project object */;
}
